
Microsoft Visual Studio Solution File, Format Version 12.00
# Visual Studio Version 16
VisualStudioVersion = 16.0.29209.62
MinimumVisualStudioVersion = 10.0.40219.1
Project("{F184B08F-C81C-45F6-A57F-5ABD9991F28F}") = "Times Table Program", "Times Table Program\Times Table Program.vbproj", "{17B3D961-4EB8-4F11-ACB1-92DABCB65B0A}"
EndProject
Global
	GlobalSection(SolutionConfigurationPlatforms) = preSolution
		Debug|Any CPU = Debug|Any CPU
		Release|Any CPU = Release|Any CPU
	EndGlobalSection
	GlobalSection(ProjectConfigurationPlatforms) = postSolution
		{17B3D961-4EB8-4F11-ACB1-92DABCB65B0A}.Debug|Any CPU.ActiveCfg = Debug|Any CPU
		{17B3D961-4EB8-4F11-ACB1-92DABCB65B0A}.Debug|Any CPU.Build.0 = Debug|Any CPU
		{17B3D961-4EB8-4F11-ACB1-92DABCB65B0A}.Release|Any CPU.ActiveCfg = Release|Any CPU
		{17B3D961-4EB8-4F11-ACB1-92DABCB65B0A}.Release|Any CPU.Build.0 = Release|Any CPU
	EndGlobalSection
	GlobalSection(SolutionProperties) = preSolution
		HideSolutionNode = FALSE
	EndGlobalSection
	GlobalSection(ExtensibilityGlobals) = postSolution
		SolutionGuid = {0652C8CE-597B-44AB-82D1-A61DC29B94B6}
	EndGlobalSection
EndGlobal
